
Microsoft Visual Studio Solution File, Format Version 12.00
# Visual Studio Version 16
VisualStudioVersion = 16.0.30907.101
MinimumVisualStudioVersion = 10.0.40219.1
Project("{FAE04EC0-301F-11D3-BF4B-00C04F79EFBC}") = "DSPMOD", "DSPMOD.csproj", "{7606459F-887E-402A-9BF5-8EEEED37759A}"
EndProject
Global
	GlobalSection(SolutionConfigurationPlatforms) = preSolution
		Debug|Any CPU = Debug|Any CPU
		Release|Any CPU = Release|Any CPU
	EndGlobalSection
	GlobalSection(ProjectConfigurationPlatforms) = postSolution
		{7606459F-887E-402A-9BF5-8EEEED37759A}.Debug|Any CPU.ActiveCfg = Debug|Any CPU
		{7606459F-887E-402A-9BF5-8EEEED37759A}.Debug|Any CPU.Build.0 = Debug|Any CPU
		{7606459F-887E-402A-9BF5-8EEEED37759A}.Release|Any CPU.ActiveCfg = Release|Any CPU
		{7606459F-887E-402A-9BF5-8EEEED37759A}.Release|Any CPU.Build.0 = Release|Any CPU
	EndGlobalSection
	GlobalSection(SolutionProperties) = preSolution
		HideSolutionNode = FALSE
	EndGlobalSection
	GlobalSection(ExtensibilityGlobals) = postSolution
		SolutionGuid = {E1D08691-4D39-46D9-8043-99EF2CD783E6}
	EndGlobalSection
EndGlobal
